
Microsoft Visual Studio Solution File, Format Version 12.00
# Visual Studio Version 16
VisualStudioVersion = 16.0.31911.196
MinimumVisualStudioVersion = 10.0.40219.1
Project("{FAE04EC0-301F-11D3-BF4B-00C04F79EFBC}") = "ARASH amini t3 s3", "ARASH amini t3 s3\ARASH amini t3 s3.csproj", "{5E477271-5A71-41E9-83D7-F973F7602F1D}"
EndProject
Global
	GlobalSection(SolutionConfigurationPlatforms) = preSolution
		Debug|Any CPU = Debug|Any CPU
		Release|Any CPU = Release|Any CPU
	EndGlobalSection
	GlobalSection(ProjectConfigurationPlatforms) = postSolution
		{5E477271-5A71-41E9-83D7-F973F7602F1D}.Debug|Any CPU.ActiveCfg = Debug|Any CPU
		{5E477271-5A71-41E9-83D7-F973F7602F1D}.Debug|Any CPU.Build.0 = Debug|Any CPU
		{5E477271-5A71-41E9-83D7-F973F7602F1D}.Release|Any CPU.ActiveCfg = Release|Any CPU
		{5E477271-5A71-41E9-83D7-F973F7602F1D}.Release|Any CPU.Build.0 = Release|Any CPU
	EndGlobalSection
	GlobalSection(SolutionProperties) = preSolution
		HideSolutionNode = FALSE
	EndGlobalSection
	GlobalSection(ExtensibilityGlobals) = postSolution
		SolutionGuid = {AF027254-938C-4EDD-8643-1C28B7B9E21A}
	EndGlobalSection
EndGlobal
