
Microsoft Visual Studio Solution File, Format Version 12.00
# Visual Studio Version 16
VisualStudioVersion = 16.0.31911.196
MinimumVisualStudioVersion = 10.0.40219.1
Project("{FAE04EC0-301F-11D3-BF4B-00C04F79EFBC}") = "ARASH amini t1 s1", "ARASH amini t1 s1\ARASH amini t1 s1.csproj", "{B384A6E1-2CDD-4A67-A1AF-0AF293681BFD}"
EndProject
Global
	GlobalSection(SolutionConfigurationPlatforms) = preSolution
		Debug|Any CPU = Debug|Any CPU
		Release|Any CPU = Release|Any CPU
	EndGlobalSection
	GlobalSection(ProjectConfigurationPlatforms) = postSolution
		{B384A6E1-2CDD-4A67-A1AF-0AF293681BFD}.Debug|Any CPU.ActiveCfg = Debug|Any CPU
		{B384A6E1-2CDD-4A67-A1AF-0AF293681BFD}.Debug|Any CPU.Build.0 = Debug|Any CPU
		{B384A6E1-2CDD-4A67-A1AF-0AF293681BFD}.Release|Any CPU.ActiveCfg = Release|Any CPU
		{B384A6E1-2CDD-4A67-A1AF-0AF293681BFD}.Release|Any CPU.Build.0 = Release|Any CPU
	EndGlobalSection
	GlobalSection(SolutionProperties) = preSolution
		HideSolutionNode = FALSE
	EndGlobalSection
	GlobalSection(ExtensibilityGlobals) = postSolution
		SolutionGuid = {4CC03E0A-1A6C-425E-AB79-47C052CBAAF1}
	EndGlobalSection
EndGlobal
